
Microsoft Visual Studio Solution File, Format Version 12.00
# Visual Studio 15
VisualStudioVersion = 15.0.28307.136
MinimumVisualStudioVersion = 10.0.40219.1
Project("{FAE04EC0-301F-11D3-BF4B-00C04F79EFBC}") = "Grades", "Grades\Grades.csproj", "{74FDFC9F-1799-4F2D-AD86-CC1F9E8F0AE3}"
EndProject
Project("{FAE04EC0-301F-11D3-BF4B-00C04F79EFBC}") = "Grades.Test", "Grades.Test\Grades.Test.csproj", "{B0F3C24D-5B88-4DB0-8ED9-785D1D3BEFEE}"
EndProject
Global
	GlobalSection(SolutionConfigurationPlatforms) = preSolution
		Debug|Any CPU = Debug|Any CPU
		Release|Any CPU = Release|Any CPU
	EndGlobalSection
	GlobalSection(ProjectConfigurationPlatforms) = postSolution
		{74FDFC9F-1799-4F2D-AD86-CC1F9E8F0AE3}.Debug|Any CPU.ActiveCfg = Debug|Any CPU
		{74FDFC9F-1799-4F2D-AD86-CC1F9E8F0AE3}.Debug|Any CPU.Build.0 = Debug|Any CPU
		{74FDFC9F-1799-4F2D-AD86-CC1F9E8F0AE3}.Release|Any CPU.ActiveCfg = Release|Any CPU
		{74FDFC9F-1799-4F2D-AD86-CC1F9E8F0AE3}.Release|Any CPU.Build.0 = Release|Any CPU
		{B0F3C24D-5B88-4DB0-8ED9-785D1D3BEFEE}.Debug|Any CPU.ActiveCfg = Debug|Any CPU
		{B0F3C24D-5B88-4DB0-8ED9-785D1D3BEFEE}.Debug|Any CPU.Build.0 = Debug|Any CPU
		{B0F3C24D-5B88-4DB0-8ED9-785D1D3BEFEE}.Release|Any CPU.ActiveCfg = Release|Any CPU
		{B0F3C24D-5B88-4DB0-8ED9-785D1D3BEFEE}.Release|Any CPU.Build.0 = Release|Any CPU
	EndGlobalSection
	GlobalSection(SolutionProperties) = preSolution
		HideSolutionNode = FALSE
	EndGlobalSection
	GlobalSection(ExtensibilityGlobals) = postSolution
		SolutionGuid = {96EE0085-4AA0-4C07-A233-7946B7D70516}
	EndGlobalSection
EndGlobal
