
Microsoft Visual Studio Solution File, Format Version 12.00
# Visual Studio 15
VisualStudioVersion = 15.0.28307.136
MinimumVisualStudioVersion = 10.0.40219.1
Project("{FAE04EC0-301F-11D3-BF4B-00C04F79EFBC}") = "Hello", "Hello\Hello.csproj", "{B9EFD207-3012-44DE-9F85-DF90FA41FEBE}"
EndProject
Global
	GlobalSection(SolutionConfigurationPlatforms) = preSolution
		Debug|Any CPU = Debug|Any CPU
		Release|Any CPU = Release|Any CPU
	EndGlobalSection
	GlobalSection(ProjectConfigurationPlatforms) = postSolution
		{B9EFD207-3012-44DE-9F85-DF90FA41FEBE}.Debug|Any CPU.ActiveCfg = Debug|Any CPU
		{B9EFD207-3012-44DE-9F85-DF90FA41FEBE}.Debug|Any CPU.Build.0 = Debug|Any CPU
		{B9EFD207-3012-44DE-9F85-DF90FA41FEBE}.Release|Any CPU.ActiveCfg = Release|Any CPU
		{B9EFD207-3012-44DE-9F85-DF90FA41FEBE}.Release|Any CPU.Build.0 = Release|Any CPU
	EndGlobalSection
	GlobalSection(SolutionProperties) = preSolution
		HideSolutionNode = FALSE
	EndGlobalSection
	GlobalSection(ExtensibilityGlobals) = postSolution
		SolutionGuid = {79F0FB7A-34BC-4941-A4E5-4239146EBAD2}
	EndGlobalSection
EndGlobal
